
Microsoft Visual Studio Solution File, Format Version 12.00
# Visual Studio 14
VisualStudioVersion = 14.0.25420.1
MinimumVisualStudioVersion = 10.0.40219.1
Project("{FAE04EC0-301F-11D3-BF4B-00C04F79EFBC}") = "Task_1_SearchFiles", "Task_1_SearchFiles\Task_1_SearchFiles.csproj", "{BD53AA75-36D6-4C9E-95A7-1E4038F6E2D3}"
EndProject
Project("{FAE04EC0-301F-11D3-BF4B-00C04F79EFBC}") = "Task_2_ComponentsOfPc", "Task_2_ComponentsOfPc\Task_2_ComponentsOfPc.csproj", "{8C02D0FD-987F-42C3-B004-5BB5531DB878}"
EndProject
Project("{FAE04EC0-301F-11D3-BF4B-00C04F79EFBC}") = "Task_3_TextEditor", "Task_3_TextEditor\Task_3_TextEditor.csproj", "{F542C028-D19E-4FA2-92AF-D46795FDC27F}"
EndProject
Global
	GlobalSection(SolutionConfigurationPlatforms) = preSolution
		Debug|Any CPU = Debug|Any CPU
		Release|Any CPU = Release|Any CPU
	EndGlobalSection
	GlobalSection(ProjectConfigurationPlatforms) = postSolution
		{BD53AA75-36D6-4C9E-95A7-1E4038F6E2D3}.Debug|Any CPU.ActiveCfg = Debug|Any CPU
		{BD53AA75-36D6-4C9E-95A7-1E4038F6E2D3}.Debug|Any CPU.Build.0 = Debug|Any CPU
		{BD53AA75-36D6-4C9E-95A7-1E4038F6E2D3}.Release|Any CPU.ActiveCfg = Release|Any CPU
		{BD53AA75-36D6-4C9E-95A7-1E4038F6E2D3}.Release|Any CPU.Build.0 = Release|Any CPU
		{8C02D0FD-987F-42C3-B004-5BB5531DB878}.Debug|Any CPU.ActiveCfg = Debug|Any CPU
		{8C02D0FD-987F-42C3-B004-5BB5531DB878}.Debug|Any CPU.Build.0 = Debug|Any CPU
		{8C02D0FD-987F-42C3-B004-5BB5531DB878}.Release|Any CPU.ActiveCfg = Release|Any CPU
		{8C02D0FD-987F-42C3-B004-5BB5531DB878}.Release|Any CPU.Build.0 = Release|Any CPU
		{F542C028-D19E-4FA2-92AF-D46795FDC27F}.Debug|Any CPU.ActiveCfg = Debug|Any CPU
		{F542C028-D19E-4FA2-92AF-D46795FDC27F}.Debug|Any CPU.Build.0 = Debug|Any CPU
		{F542C028-D19E-4FA2-92AF-D46795FDC27F}.Release|Any CPU.ActiveCfg = Release|Any CPU
		{F542C028-D19E-4FA2-92AF-D46795FDC27F}.Release|Any CPU.Build.0 = Release|Any CPU
	EndGlobalSection
	GlobalSection(SolutionProperties) = preSolution
		HideSolutionNode = FALSE
	EndGlobalSection
EndGlobal
